
Microsoft Visual Studio Solution File, Format Version 12.00
# Visual Studio Version 17
VisualStudioVersion = 17.5.33530.505
MinimumVisualStudioVersion = 10.0.40219.1
Project("{8BC9CEB8-8B4A-11D0-8D11-00A0C91BC942}") = "Day01", "Day01\Day01.vcxproj", "{4833BB31-B76F-42ED-9864-3B9125706D2B}"
EndProject
Project("{8BC9CEB8-8B4A-11D0-8D11-00A0C91BC942}") = "Day02", "Day02\Day02.vcxproj", "{F3285D0D-B5C1-47B9-ABD3-7E13623988AB}"
EndProject
Project("{8BC9CEB8-8B4A-11D0-8D11-00A0C91BC942}") = "Day03", "Day03\Day03.vcxproj", "{642E4599-5CE0-4980-945B-C34C64FAF4C0}"
EndProject
Project("{8BC9CEB8-8B4A-11D0-8D11-00A0C91BC942}") = "Day04", "Day04\Day04.vcxproj", "{FEBD0AD1-4EA4-4857-BA8A-4E3D661E6464}"
EndProject
Project("{8BC9CEB8-8B4A-11D0-8D11-00A0C91BC942}") = "Day05", "Day05\Day05.vcxproj", "{20F4D549-8BFD-4DC0-A8C4-57077278810C}"
EndProject
Project("{8BC9CEB8-8B4A-11D0-8D11-00A0C91BC942}") = "Day06", "Day06\Day06.vcxproj", "{6556DE3E-6056-4B58-9454-059C95B3764F}"
EndProject
Project("{8BC9CEB8-8B4A-11D0-8D11-00A0C91BC942}") = "Day07", "Day07\Day07.vcxproj", "{593166C1-B66E-48C4-955C-1DC54D1FD7A3}"
EndProject
Project("{8BC9CEB8-8B4A-11D0-8D11-00A0C91BC942}") = "Day08", "Day08\Day08.vcxproj", "{1183548C-71F3-4295-8EC7-949D45BD2D9F}"
EndProject
Project("{8BC9CEB8-8B4A-11D0-8D11-00A0C91BC942}") = "Day09", "Day09\Day09.vcxproj", "{05EB8B43-9F89-4CE1-9552-AAA70D090769}"
EndProject
Project("{8BC9CEB8-8B4A-11D0-8D11-00A0C91BC942}") = "Day10", "Day10\Day10.vcxproj", "{96021AF5-3ACB-41BC-A619-8FB90E2BA20C}"
EndProject
Project("{8BC9CEB8-8B4A-11D0-8D11-00A0C91BC942}") = "Day11", "Day11\Day11.vcxproj", "{6A2888A9-C670-4ABF-AEC9-A90509F7C595}"
EndProject
Project("{8BC9CEB8-8B4A-11D0-8D11-00A0C91BC942}") = "Day12", "Day12\Day12.vcxproj", "{CB01FC4A-B7A4-4D75-A992-BC39844BF661}"
EndProject
Project("{8BC9CEB8-8B4A-11D0-8D11-00A0C91BC942}") = "Day13", "Day13\Day13.vcxproj", "{D2E689F6-177F-40BD-BAFA-5D99A1AB4A45}"
EndProject
Global
	GlobalSection(SolutionConfigurationPlatforms) = preSolution
		Debug|x64 = Debug|x64
		Debug|x86 = Debug|x86
		Release|x64 = Release|x64
		Release|x86 = Release|x86
	EndGlobalSection
	GlobalSection(ProjectConfigurationPlatforms) = postSolution
		{4833BB31-B76F-42ED-9864-3B9125706D2B}.Debug|x64.ActiveCfg = Debug|x64
		{4833BB31-B76F-42ED-9864-3B9125706D2B}.Debug|x64.Build.0 = Debug|x64
		{4833BB31-B76F-42ED-9864-3B9125706D2B}.Debug|x86.ActiveCfg = Debug|Win32
		{4833BB31-B76F-42ED-9864-3B9125706D2B}.Debug|x86.Build.0 = Debug|Win32
		{4833BB31-B76F-42ED-9864-3B9125706D2B}.Release|x64.ActiveCfg = Release|x64
		{4833BB31-B76F-42ED-9864-3B9125706D2B}.Release|x64.Build.0 = Release|x64
		{4833BB31-B76F-42ED-9864-3B9125706D2B}.Release|x86.ActiveCfg = Release|Win32
		{4833BB31-B76F-42ED-9864-3B9125706D2B}.Release|x86.Build.0 = Release|Win32
		{F3285D0D-B5C1-47B9-ABD3-7E13623988AB}.Debug|x64.ActiveCfg = Debug|x64
		{F3285D0D-B5C1-47B9-ABD3-7E13623988AB}.Debug|x64.Build.0 = Debug|x64
		{F3285D0D-B5C1-47B9-ABD3-7E13623988AB}.Debug|x86.ActiveCfg = Debug|Win32
		{F3285D0D-B5C1-47B9-ABD3-7E13623988AB}.Debug|x86.Build.0 = Debug|Win32
		{F3285D0D-B5C1-47B9-ABD3-7E13623988AB}.Release|x64.ActiveCfg = Release|x64
		{F3285D0D-B5C1-47B9-ABD3-7E13623988AB}.Release|x64.Build.0 = Release|x64
		{F3285D0D-B5C1-47B9-ABD3-7E13623988AB}.Release|x86.ActiveCfg = Release|Win32
		{F3285D0D-B5C1-47B9-ABD3-7E13623988AB}.Release|x86.Build.0 = Release|Win32
		{642E4599-5CE0-4980-945B-C34C64FAF4C0}.Debug|x64.ActiveCfg = Debug|x64
		{642E4599-5CE0-4980-945B-C34C64FAF4C0}.Debug|x64.Build.0 = Debug|x64
		{642E4599-5CE0-4980-945B-C34C64FAF4C0}.Debug|x86.ActiveCfg = Debug|Win32
		{642E4599-5CE0-4980-945B-C34C64FAF4C0}.Debug|x86.Build.0 = Debug|Win32
		{642E4599-5CE0-4980-945B-C34C64FAF4C0}.Release|x64.ActiveCfg = Release|x64
		{642E4599-5CE0-4980-945B-C34C64FAF4C0}.Release|x64.Build.0 = Release|x64
		{642E4599-5CE0-4980-945B-C34C64FAF4C0}.Release|x86.ActiveCfg = Release|Win32
		{642E4599-5CE0-4980-945B-C34C64FAF4C0}.Release|x86.Build.0 = Release|Win32
		{FEBD0AD1-4EA4-4857-BA8A-4E3D661E6464}.Debug|x64.ActiveCfg = Debug|x64
		{FEBD0AD1-4EA4-4857-BA8A-4E3D661E6464}.Debug|x64.Build.0 = Debug|x64
		{FEBD0AD1-4EA4-4857-BA8A-4E3D661E6464}.Debug|x86.ActiveCfg = Debug|Win32
		{FEBD0AD1-4EA4-4857-BA8A-4E3D661E6464}.Debug|x86.Build.0 = Debug|Win32
		{FEBD0AD1-4EA4-4857-BA8A-4E3D661E6464}.Release|x64.ActiveCfg = Release|x64
		{FEBD0AD1-4EA4-4857-BA8A-4E3D661E6464}.Release|x64.Build.0 = Release|x64
		{FEBD0AD1-4EA4-4857-BA8A-4E3D661E6464}.Release|x86.ActiveCfg = Release|Win32
		{FEBD0AD1-4EA4-4857-BA8A-4E3D661E6464}.Release|x86.Build.0 = Release|Win32
		{20F4D549-8BFD-4DC0-A8C4-57077278810C}.Debug|x64.ActiveCfg = Debug|x64
		{20F4D549-8BFD-4DC0-A8C4-57077278810C}.Debug|x64.Build.0 = Debug|x64
		{20F4D549-8BFD-4DC0-A8C4-57077278810C}.Debug|x86.ActiveCfg = Debug|Win32
		{20F4D549-8BFD-4DC0-A8C4-57077278810C}.Debug|x86.Build.0 = Debug|Win32
		{20F4D549-8BFD-4DC0-A8C4-57077278810C}.Release|x64.ActiveCfg = Release|x64
		{20F4D549-8BFD-4DC0-A8C4-57077278810C}.Release|x64.Build.0 = Release|x64
		{20F4D549-8BFD-4DC0-A8C4-57077278810C}.Release|x86.ActiveCfg = Release|Win32
		{20F4D549-8BFD-4DC0-A8C4-57077278810C}.Release|x86.Build.0 = Release|Win32
		{6556DE3E-6056-4B58-9454-059C95B3764F}.Debug|x64.ActiveCfg = Debug|x64
		{6556DE3E-6056-4B58-9454-059C95B3764F}.Debug|x64.Build.0 = Debug|x64
		{6556DE3E-6056-4B58-9454-059C95B3764F}.Debug|x86.ActiveCfg = Debug|Win32
		{6556DE3E-6056-4B58-9454-059C95B3764F}.Debug|x86.Build.0 = Debug|Win32
		{6556DE3E-6056-4B58-9454-059C95B3764F}.Release|x64.ActiveCfg = Release|x64
		{6556DE3E-6056-4B58-9454-059C95B3764F}.Release|x64.Build.0 = Release|x64
		{6556DE3E-6056-4B58-9454-059C95B3764F}.Release|x86.ActiveCfg = Release|Win32
		{6556DE3E-6056-4B58-9454-059C95B3764F}.Release|x86.Build.0 = Release|Win32
		{593166C1-B66E-48C4-955C-1DC54D1FD7A3}.Debug|x64.ActiveCfg = Debug|x64
		{593166C1-B66E-48C4-955C-1DC54D1FD7A3}.Debug|x64.Build.0 = Debug|x64
		{593166C1-B66E-48C4-955C-1DC54D1FD7A3}.Debug|x86.ActiveCfg = Debug|Win32
		{593166C1-B66E-48C4-955C-1DC54D1FD7A3}.Debug|x86.Build.0 = Debug|Win32
		{593166C1-B66E-48C4-955C-1DC54D1FD7A3}.Release|x64.ActiveCfg = Release|x64
		{593166C1-B66E-48C4-955C-1DC54D1FD7A3}.Release|x64.Build.0 = Release|x64
		{593166C1-B66E-48C4-955C-1DC54D1FD7A3}.Release|x86.ActiveCfg = Release|Win32
		{593166C1-B66E-48C4-955C-1DC54D1FD7A3}.Release|x86.Build.0 = Release|Win32
		{1183548C-71F3-4295-8EC7-949D45BD2D9F}.Debug|x64.ActiveCfg = Debug|x64
		{1183548C-71F3-4295-8EC7-949D45BD2D9F}.Debug|x64.Build.0 = Debug|x64
		{1183548C-71F3-4295-8EC7-949D45BD2D9F}.Debug|x86.ActiveCfg = Debug|Win32
		{1183548C-71F3-4295-8EC7-949D45BD2D9F}.Debug|x86.Build.0 = Debug|Win32
		{1183548C-71F3-4295-8EC7-949D45BD2D9F}.Release|x64.ActiveCfg = Release|x64
		{1183548C-71F3-4295-8EC7-949D45BD2D9F}.Release|x64.Build.0 = Release|x64
		{1183548C-71F3-4295-8EC7-949D45BD2D9F}.Release|x86.ActiveCfg = Release|Win32
		{1183548C-71F3-4295-8EC7-949D45BD2D9F}.Release|x86.Build.0 = Release|Win32
		{05EB8B43-9F89-4CE1-9552-AAA70D090769}.Debug|x64.ActiveCfg = Debug|x64
		{05EB8B43-9F89-4CE1-9552-AAA70D090769}.Debug|x64.Build.0 = Debug|x64
		{05EB8B43-9F89-4CE1-9552-AAA70D090769}.Debug|x86.ActiveCfg = Debug|Win32
		{05EB8B43-9F89-4CE1-9552-AAA70D090769}.Debug|x86.Build.0 = Debug|Win32
		{05EB8B43-9F89-4CE1-9552-AAA70D090769}.Release|x64.ActiveCfg = Release|x64
		{05EB8B43-9F89-4CE1-9552-AAA70D090769}.Release|x64.Build.0 = Release|x64
		{05EB8B43-9F89-4CE1-9552-AAA70D090769}.Release|x86.ActiveCfg = Release|Win32
		{05EB8B43-9F89-4CE1-9552-AAA70D090769}.Release|x86.Build.0 = Release|Win32
		{96021AF5-3ACB-41BC-A619-8FB90E2BA20C}.Debug|x64.ActiveCfg = Debug|x64
		{96021AF5-3ACB-41BC-A619-8FB90E2BA20C}.Debug|x64.Build.0 = Debug|x64
		{96021AF5-3ACB-41BC-A619-8FB90E2BA20C}.Debug|x86.ActiveCfg = Debug|Win32
		{96021AF5-3ACB-41BC-A619-8FB90E2BA20C}.Debug|x86.Build.0 = Debug|Win32
		{96021AF5-3ACB-41BC-A619-8FB90E2BA20C}.Release|x64.ActiveCfg = Release|x64
		{96021AF5-3ACB-41BC-A619-8FB90E2BA20C}.Release|x64.Build.0 = Release|x64
		{96021AF5-3ACB-41BC-A619-8FB90E2BA20C}.Release|x86.ActiveCfg = Release|Win32
		{96021AF5-3ACB-41BC-A619-8FB90E2BA20C}.Release|x86.Build.0 = Release|Win32
		{6A2888A9-C670-4ABF-AEC9-A90509F7C595}.Debug|x64.ActiveCfg = Debug|x64
		{6A2888A9-C670-4ABF-AEC9-A90509F7C595}.Debug|x64.Build.0 = Debug|x64
		{6A2888A9-C670-4ABF-AEC9-A90509F7C595}.Debug|x86.ActiveCfg = Debug|Win32
		{6A2888A9-C670-4ABF-AEC9-A90509F7C595}.Debug|x86.Build.0 = Debug|Win32
		{6A2888A9-C670-4ABF-AEC9-A90509F7C595}.Release|x64.ActiveCfg = Release|x64
		{6A2888A9-C670-4ABF-AEC9-A90509F7C595}.Release|x64.Build.0 = Release|x64
		{6A2888A9-C670-4ABF-AEC9-A90509F7C595}.Release|x86.ActiveCfg = Release|Win32
		{6A2888A9-C670-4ABF-AEC9-A90509F7C595}.Release|x86.Build.0 = Release|Win32
		{CB01FC4A-B7A4-4D75-A992-BC39844BF661}.Debug|x64.ActiveCfg = Debug|x64
		{CB01FC4A-B7A4-4D75-A992-BC39844BF661}.Debug|x64.Build.0 = Debug|x64
		{CB01FC4A-B7A4-4D75-A992-BC39844BF661}.Debug|x86.ActiveCfg = Debug|Win32
		{CB01FC4A-B7A4-4D75-A992-BC39844BF661}.Debug|x86.Build.0 = Debug|Win32
		{CB01FC4A-B7A4-4D75-A992-BC39844BF661}.Release|x64.ActiveCfg = Release|x64
		{CB01FC4A-B7A4-4D75-A992-BC39844BF661}.Release|x64.Build.0 = Release|x64
		{CB01FC4A-B7A4-4D75-A992-BC39844BF661}.Release|x86.ActiveCfg = Release|Win32
		{CB01FC4A-B7A4-4D75-A992-BC39844BF661}.Release|x86.Build.0 = Release|Win32
		{D2E689F6-177F-40BD-BAFA-5D99A1AB4A45}.Debug|x64.ActiveCfg = Debug|x64
		{D2E689F6-177F-40BD-BAFA-5D99A1AB4A45}.Debug|x64.Build.0 = Debug|x64
		{D2E689F6-177F-40BD-BAFA-5D99A1AB4A45}.Debug|x86.ActiveCfg = Debug|Win32
		{D2E689F6-177F-40BD-BAFA-5D99A1AB4A45}.Debug|x86.Build.0 = Debug|Win32
		{D2E689F6-177F-40BD-BAFA-5D99A1AB4A45}.Release|x64.ActiveCfg = Release|x64
		{D2E689F6-177F-40BD-BAFA-5D99A1AB4A45}.Release|x64.Build.0 = Release|x64
		{D2E689F6-177F-40BD-BAFA-5D99A1AB4A45}.Release|x86.ActiveCfg = Release|Win32
		{D2E689F6-177F-40BD-BAFA-5D99A1AB4A45}.Release|x86.Build.0 = Release|Win32
	EndGlobalSection
	GlobalSection(SolutionProperties) = preSolution
		HideSolutionNode = FALSE
	EndGlobalSection
	GlobalSection(ExtensibilityGlobals) = postSolution
		SolutionGuid = {3117F823-66E5-4B2F-B364-938BB9A5AFCF}
	EndGlobalSection
EndGlobal
